// !$*UTF8*$!
{
	archiveVersion = 1;
	classes = {
	};
	objectVersion = 54;
	objects = {

/* Begin PBXBuildFile section */
		5A79104829F92679008AFBA4 /* AppDelegate.swift in Sources */ = {isa = PBXBuildFile; fileRef = 5A79104729F92679008AFBA4 /* AppDelegate.swift */; };
		5A79104A29F92679008AFBA4 /* SceneDelegate.swift in Sources */ = {isa = PBXBuildFile; fileRef = 5A79104929F92679008AFBA4 /* SceneDelegate.swift */; };
		5A79104C29F92679008AFBA4 /* ViewController.swift in Sources */ = {isa = PBXBuildFile; fileRef = 5A79104B29F92679008AFBA4 /* ViewController.swift */; };
		5A79104F29F92679008AFBA4 /* Main.storyboard in Resources */ = {isa = PBXBuildFile; fileRef = 5A79104D29F92679008AFBA4 /* Main.storyboard */; };
		5A79105129F9267B008AFBA4 /* Assets.xcassets in Resources */ = {isa = PBXBuildFile; fileRef = 5A79105029F9267B008AFBA4 /* Assets.xcassets */; };
		5A79105429F9267B008AFBA4 /* LaunchScreen.storyboard in Resources */ = {isa = PBXBuildFile; fileRef = 5A79105229F9267B008AFBA4 /* LaunchScreen.storyboard */; };
		5A79105F29F9267B008AFBA4 /* Notification_ServiceTests.swift in Sources */ = {isa = PBXBuildFile; fileRef = 5A79105E29F9267B008AFBA4 /* Notification_ServiceTests.swift */; };
		5A79106929F9267B008AFBA4 /* Notification_ServiceUITests.swift in Sources */ = {isa = PBXBuildFile; fileRef = 5A79106829F9267B008AFBA4 /* Notification_ServiceUITests.swift */; };
		5A79106B29F9267B008AFBA4 /* Notification_ServiceUITestsLaunchTests.swift in Sources */ = {isa = PBXBuildFile; fileRef = 5A79106A29F9267B008AFBA4 /* Notification_ServiceUITestsLaunchTests.swift */; };
		5A79107A29F92820008AFBA4 /* NotificationManager.swift in Sources */ = {isa = PBXBuildFile; fileRef = 5A79107929F92820008AFBA4 /* NotificationManager.swift */; };
		5A79107D29F92EEE008AFBA4 /* NotificationsObj.swift in Sources */ = {isa = PBXBuildFile; fileRef = 5A79107C29F92EEE008AFBA4 /* NotificationsObj.swift */; };
/* End PBXBuildFile section */

/* Begin PBXContainerItemProxy section */
		5A79105B29F9267B008AFBA4 /* PBXContainerItemProxy */ = {
			isa = PBXContainerItemProxy;
			containerPortal = 5A79103C29F92679008AFBA4 /* Project object */;
			proxyType = 1;
			remoteGlobalIDString = 5A79104329F92679008AFBA4;
			remoteInfo = "Notification Service";
		};
		5A79106529F9267B008AFBA4 /* PBXContainerItemProxy */ = {
			isa = PBXContainerItemProxy;
			containerPortal = 5A79103C29F92679008AFBA4 /* Project object */;
			proxyType = 1;
			remoteGlobalIDString = 5A79104329F92679008AFBA4;
			remoteInfo = "Notification Service";
		};
/* End PBXContainerItemProxy section */

/* Begin PBXFileReference section */
		5A79104429F92679008AFBA4 /* Notification Service.app */ = {isa = PBXFileReference; explicitFileType = wrapper.application; includeInIndex = 0; path = "Notification Service.app"; sourceTree = BUILT_PRODUCTS_DIR; };
		5A79104729F92679008AFBA4 /* AppDelegate.swift */ = {isa = PBXFileReference; lastKnownFileType = sourcecode.swift; path = AppDelegate.swift; sourceTree = "<group>"; };
		5A79104929F92679008AFBA4 /* SceneDelegate.swift */ = {isa = PBXFileReference; lastKnownFileType = sourcecode.swift; path = SceneDelegate.swift; sourceTree = "<group>"; };
		5A79104B29F92679008AFBA4 /* ViewController.swift */ = {isa = PBXFileReference; lastKnownFileType = sourcecode.swift; path = ViewController.swift; sourceTree = "<group>"; };
		5A79104E29F92679008AFBA4 /* Base */ = {isa = PBXFileReference; lastKnownFileType = file.storyboard; name = Base; path = Base.lproj/Main.storyboard; sourceTree = "<group>"; };
		5A79105029F9267B008AFBA4 /* Assets.xcassets */ = {isa = PBXFileReference; lastKnownFileType = folder.assetcatalog; path = Assets.xcassets; sourceTree = "<group>"; };
		5A79105329F9267B008AFBA4 /* Base */ = {isa = PBXFileReference; lastKnownFileType = file.storyboard; name = Base; path = Base.lproj/LaunchScreen.storyboard; sourceTree = "<group>"; };
		5A79105529F9267B008AFBA4 /* Info.plist */ = {isa = PBXFileReference; lastKnownFileType = text.plist.xml; path = Info.plist; sourceTree = "<group>"; };
		5A79105A29F9267B008AFBA4 /* Notification ServiceTests.xctest */ = {isa = PBXFileReference; explicitFileType = wrapper.cfbundle; includeInIndex = 0; path = "Notification ServiceTests.xctest"; sourceTree = BUILT_PRODUCTS_DIR; };
		5A79105E29F9267B008AFBA4 /* Notification_ServiceTests.swift */ = {isa = PBXFileReference; lastKnownFileType = sourcecode.swift; path = Notification_ServiceTests.swift; sourceTree = "<group>"; };
		5A79106429F9267B008AFBA4 /* Notification ServiceUITests.xctest */ = {isa = PBXFileReference; explicitFileType = wrapper.cfbundle; includeInIndex = 0; path = "Notification ServiceUITests.xctest"; sourceTree = BUILT_PRODUCTS_DIR; };
		5A79106829F9267B008AFBA4 /* Notification_ServiceUITests.swift */ = {isa = PBXFileReference; lastKnownFileType = sourcecode.swift; path = Notification_ServiceUITests.swift; sourceTree = "<group>"; };
		5A79106A29F9267B008AFBA4 /* Notification_ServiceUITestsLaunchTests.swift */ = {isa = PBXFileReference; lastKnownFileType = sourcecode.swift; path = Notification_ServiceUITestsLaunchTests.swift; sourceTree = "<group>"; };
		5A79107929F92820008AFBA4 /* NotificationManager.swift */ = {isa = PBXFileReference; lastKnownFileType = sourcecode.swift; path = NotificationManager.swift; sourceTree = "<group>"; };
		5A79107C29F92EEE008AFBA4 /* NotificationsObj.swift */ = {isa = PBXFileReference; lastKnownFileType = sourcecode.swift; path = NotificationsObj.swift; sourceTree = "<group>"; };
/* End PBXFileReference section */

/* Begin PBXFrameworksBuildPhase section */
		5A79104129F92679008AFBA4 /* Frameworks */ = {
			isa = PBXFrameworksBuildPhase;
			buildActionMask = 2147483647;
			files = (
			);
			runOnlyForDeploymentPostprocessing = 0;
		};
		5A79105729F9267B008AFBA4 /* Frameworks */ = {
			isa = PBXFrameworksBuildPhase;
			buildActionMask = 2147483647;
			files = (
			);
			runOnlyForDeploymentPostprocessing = 0;
		};
		5A79106129F9267B008AFBA4 /* Frameworks */ = {
			isa = PBXFrameworksBuildPhase;
			buildActionMask = 2147483647;
			files = (
			);
			runOnlyForDeploymentPostprocessing = 0;
		};
/* End PBXFrameworksBuildPhase section */

/* Begin PBXGroup section */
		5A79103B29F92679008AFBA4 = {
			isa = PBXGroup;
			children = (
				5A79104629F92679008AFBA4 /* Notification Service */,
				5A79105D29F9267B008AFBA4 /* Notification ServiceTests */,
				5A79106729F9267B008AFBA4 /* Notification ServiceUITests */,
				5A79104529F92679008AFBA4 /* Products */,
			);
			sourceTree = "<group>";
		};
		5A79104529F92679008AFBA4 /* Products */ = {
			isa = PBXGroup;
			children = (
				5A79104429F92679008AFBA4 /* Notification Service.app */,
				5A79105A29F9267B008AFBA4 /* Notification ServiceTests.xctest */,
				5A79106429F9267B008AFBA4 /* Notification ServiceUITests.xctest */,
			);
			name = Products;
			sourceTree = "<group>";
		};
		5A79104629F92679008AFBA4 /* Notification Service */ = {
			isa = PBXGroup;
			children = (
				5A79107B29F92EBD008AFBA4 /* models */,
				5A79107729F927E0008AFBA4 /* services */,
				5A79104729F92679008AFBA4 /* AppDelegate.swift */,
				5A79104929F92679008AFBA4 /* SceneDelegate.swift */,
				5A79104B29F92679008AFBA4 /* ViewController.swift */,
				5A79104D29F92679008AFBA4 /* Main.storyboard */,
				5A79105029F9267B008AFBA4 /* Assets.xcassets */,
				5A79105229F9267B008AFBA4 /* LaunchScreen.storyboard */,
				5A79105529F9267B008AFBA4 /* Info.plist */,
			);
			path = "Notification Service";
			sourceTree = "<group>";
		};
		5A79105D29F9267B008AFBA4 /* Notification ServiceTests */ = {
			isa = PBXGroup;
			children = (
				5A79105E29F9267B008AFBA4 /* Notification_ServiceTests.swift */,
			);
			path = "Notification ServiceTests";
			sourceTree = "<group>";
		};
		5A79106729F9267B008AFBA4 /* Notification ServiceUITests */ = {
			isa = PBXGroup;
			children = (
				5A79106829F9267B008AFBA4 /* Notification_ServiceUITests.swift */,
				5A79106A29F9267B008AFBA4 /* Notification_ServiceUITestsLaunchTests.swift */,
			);
			path = "Notification ServiceUITests";
			sourceTree = "<group>";
		};
		5A79107729F927E0008AFBA4 /* services */ = {
			isa = PBXGroup;
			children = (
				5A79107829F927ED008AFBA4 /* main */,
			);
			path = services;
			sourceTree = "<group>";
		};
		5A79107829F927ED008AFBA4 /* main */ = {
			isa = PBXGroup;
			children = (
				5A79107929F92820008AFBA4 /* NotificationManager.swift */,
			);
			path = main;
			sourceTree = "<group>";
		};
		5A79107B29F92EBD008AFBA4 /* models */ = {
			isa = PBXGroup;
			children = (
				5A79107C29F92EEE008AFBA4 /* NotificationsObj.swift */,
			);
			path = models;
			sourceTree = "<group>";
		};
/* End PBXGroup section */

/* Begin PBXNativeTarget section */
		5A79104329F92679008AFBA4 /* Notification Service */ = {
			isa = PBXNativeTarget;
			buildConfigurationList = 5A79106E29F9267B008AFBA4 /* Build configuration list for PBXNativeTarget "Notification Service" */;
			buildPhases = (
				5A79104029F92679008AFBA4 /* Sources */,
				5A79104129F92679008AFBA4 /* Frameworks */,
				5A79104229F92679008AFBA4 /* Resources */,
			);
			buildRules = (
			);
			dependencies = (
			);
			name = "Notification Service";
			productName = "Notification Service";
			productReference = 5A79104429F92679008AFBA4 /* Notification Service.app */;
			productType = "com.apple.product-type.application";
		};
		5A79105929F9267B008AFBA4 /* Notification ServiceTests */ = {
			isa = PBXNativeTarget;
			buildConfigurationList = 5A79107129F9267B008AFBA4 /* Build configuration list for PBXNativeTarget "Notification ServiceTests" */;
			buildPhases = (
				5A79105629F9267B008AFBA4 /* Sources */,
				5A79105729F9267B008AFBA4 /* Frameworks */,
				5A79105829F9267B008AFBA4 /* Resources */,
			);
			buildRules = (
			);
			dependencies = (
				5A79105C29F9267B008AFBA4 /* PBXTargetDependency */,
			);
			name = "Notification ServiceTests";
			productName = "Notification ServiceTests";
			productReference = 5A79105A29F9267B008AFBA4 /* Notification ServiceTests.xctest */;
			productType = "com.apple.product-type.bundle.unit-test";
		};
		5A79106329F9267B008AFBA4 /* Notification ServiceUITests */ = {
			isa = PBXNativeTarget;
			buildConfigurationList = 5A79107429F9267B008AFBA4 /* Build configuration list for PBXNativeTarget "Notification ServiceUITests" */;
			buildPhases = (
				5A79106029F9267B008AFBA4 /* Sources */,
				5A79106129F9267B008AFBA4 /* Frameworks */,
				5A79106229F9267B008AFBA4 /* Resources */,
			);
			buildRules = (
			);
			dependencies = (
				5A79106629F9267B008AFBA4 /* PBXTargetDependency */,
			);
			name = "Notification ServiceUITests";
			productName = "Notification ServiceUITests";
			productReference = 5A79106429F9267B008AFBA4 /* Notification ServiceUITests.xctest */;
			productType = "com.apple.product-type.bundle.ui-testing";
		};
/* End PBXNativeTarget section */

/* Begin PBXProject section */
		5A79103C29F92679008AFBA4 /* Project object */ = {
			isa = PBXProject;
			attributes = {
				BuildIndependentTargetsInParallel = 1;
				LastSwiftUpdateCheck = 1430;
				LastUpgradeCheck = 1430;
				TargetAttributes = {
					5A79104329F92679008AFBA4 = {
						CreatedOnToolsVersion = 14.3;
					};
					5A79105929F9267B008AFBA4 = {
						CreatedOnToolsVersion = 14.3;
						TestTargetID = 5A79104329F92679008AFBA4;
					};
					5A79106329F9267B008AFBA4 = {
						CreatedOnToolsVersion = 14.3;
						TestTargetID = 5A79104329F92679008AFBA4;
					};
				};
			};
			buildConfigurationList = 5A79103F29F92679008AFBA4 /* Build configuration list for PBXProject "Notification Service" */;
			compatibilityVersion = "Xcode 12.0";
			developmentRegion = en;
			hasScannedForEncodings = 0;
			knownRegions = (
				en,
				Base,
			);
			mainGroup = 5A79103B29F92679008AFBA4;
			productRefGroup = 5A79104529F92679008AFBA4 /* Products */;
			projectDirPath = "";
			projectRoot = "";
			targets = (
				5A79104329F92679008AFBA4 /* Notification Service */,
				5A79105929F9267B008AFBA4 /* Notification ServiceTests */,
				5A79106329F9267B008AFBA4 /* Notification ServiceUITests */,
			);
		};
/* End PBXProject section */

/* Begin PBXResourcesBuildPhase section */
		5A79104229F92679008AFBA4 /* Resources */ = {
			isa = PBXResourcesBuildPhase;
			buildActionMask = 2147483647;
			files = (
				5A79105429F9267B008AFBA4 /* LaunchScreen.storyboard in Resources */,
				5A79105129F9267B008AFBA4 /* Assets.xcassets in Resources */,
				5A79104F29F92679008AFBA4 /* Main.storyboard in Resources */,
			);
			runOnlyForDeploymentPostprocessing = 0;
		};
		5A79105829F9267B008AFBA4 /* Resources */ = {
			isa = PBXResourcesBuildPhase;
			buildActionMask = 2147483647;
			files = (
			);
			runOnlyForDeploymentPostprocessing = 0;
		};
		5A79106229F9267B008AFBA4 /* Resources */ = {
			isa = PBXResourcesBuildPhase;
			buildActionMask = 2147483647;
			files = (
			);
			runOnlyForDeploymentPostprocessing = 0;
		};
/* End PBXResourcesBuildPhase section */

/* Begin PBXSourcesBuildPhase section */
		5A79104029F92679008AFBA4 /* Sources */ = {
			isa = PBXSourcesBuildPhase;
			buildActionMask = 2147483647;
			files = (
				5A79104C29F92679008AFBA4 /* ViewController.swift in Sources */,
				5A79107D29F92EEE008AFBA4 /* NotificationsObj.swift in Sources */,
				5A79104829F92679008AFBA4 /* AppDelegate.swift in Sources */,
				5A79107A29F92820008AFBA4 /* NotificationManager.swift in Sources */,
				5A79104A29F92679008AFBA4 /* SceneDelegate.swift in Sources */,
			);
			runOnlyForDeploymentPostprocessing = 0;
		};
		5A79105629F9267B008AFBA4 /* Sources */ = {
			isa = PBXSourcesBuildPhase;
			buildActionMask = 2147483647;
			files = (
				5A79105F29F9267B008AFBA4 /* Notification_ServiceTests.swift in Sources */,
			);
			runOnlyForDeploymentPostprocessing = 0;
		};
		5A79106029F9267B008AFBA4 /* Sources */ = {
			isa = PBXSourcesBuildPhase;
			buildActionMask = 2147483647;
			files = (
				5A79106929F9267B008AFBA4 /* Notification_ServiceUITests.swift in Sources */,
				5A79106B29F9267B008AFBA4 /* Notification_ServiceUITestsLaunchTests.swift in Sources */,
			);
			runOnlyForDeploymentPostprocessing = 0;
		};
/* End PBXSourcesBuildPhase section */

/* Begin PBXTargetDependency section */
		5A79105C29F9267B008AFBA4 /* PBXTargetDependency */ = {
			isa = PBXTargetDependency;
			target = 5A79104329F92679008AFBA4 /* Notification Service */;
			targetProxy = 5A79105B29F9267B008AFBA4 /* PBXContainerItemProxy */;
		};
		5A79106629F9267B008AFBA4 /* PBXTargetDependency */ = {
			isa = PBXTargetDependency;
			target = 5A79104329F92679008AFBA4 /* Notification Service */;
			targetProxy = 5A79106529F9267B008AFBA4 /* PBXContainerItemProxy */;
		};
/* End PBXTargetDependency section */

/* Begin PBXVariantGroup section */
		5A79104D29F92679008AFBA4 /* Main.storyboard */ = {
			isa = PBXVariantGroup;
			children = (
				5A79104E29F92679008AFBA4 /* Base */,
			);
			name = Main.storyboard;
			sourceTree = "<group>";
		};
		5A79105229F9267B008AFBA4 /* LaunchScreen.storyboard */ = {
			isa = PBXVariantGroup;
			children = (
				5A79105329F9267B008AFBA4 /* Base */,
			);
			name = LaunchScreen.storyboard;
			sourceTree = "<group>";
		};
/* End PBXVariantGroup section */

/* Begin XCBuildConfiguration section */
		5A79106C29F9267B008AFBA4 /* Debug */ = {
			isa = XCBuildConfiguration;
			buildSettings = {
				ALWAYS_SEARCH_USER_PATHS = NO;
				CLANG_ANALYZER_NONNULL = YES;
				CLANG_ANALYZER_NUMBER_OBJECT_CONVERSION = YES_AGGRESSIVE;
				CLANG_CXX_LANGUAGE_STANDARD = "gnu++20";
				CLANG_ENABLE_MODULES = YES;
				CLANG_ENABLE_OBJC_ARC = YES;
				CLANG_ENABLE_OBJC_WEAK = YES;
				CLANG_WARN_BLOCK_CAPTURE_AUTORELEASING = YES;
				CLANG_WARN_BOOL_CONVERSION = YES;
				CLANG_WARN_COMMA = YES;
				CLANG_WARN_CONSTANT_CONVERSION = YES;
				CLANG_WARN_DEPRECATED_OBJC_IMPLEMENTATIONS = YES;
				CLANG_WARN_DIRECT_OBJC_ISA_USAGE = YES_ERROR;
				CLANG_WARN_DOCUMENTATION_COMMENTS = YES;
				CLANG_WARN_EMPTY_BODY = YES;
				CLANG_WARN_ENUM_CONVERSION = YES;
				CLANG_WARN_INFINITE_RECURSION = YES;
				CLANG_WARN_INT_CONVERSION = YES;
				CLANG_WARN_NON_LITERAL_NULL_CONVERSION = YES;
				CLANG_WARN_OBJC_IMPLICIT_RETAIN_SELF = YES;
				CLANG_WARN_OBJC_LITERAL_CONVERSION = YES;
				CLANG_WARN_OBJC_ROOT_CLASS = YES_ERROR;
				CLANG_WARN_QUOTED_INCLUDE_IN_FRAMEWORK_HEADER = YES;
				CLANG_WARN_RANGE_LOOP_ANALYSIS = YES;
				CLANG_WARN_STRICT_PROTOTYPES = YES;
				CLANG_WARN_SUSPICIOUS_MOVE = YES;
				CLANG_WARN_UNGUARDED_AVAILABILITY = YES_AGGRESSIVE;
				CLANG_WARN_UNREACHABLE_CODE = YES;
				CLANG_WARN__DUPLICATE_METHOD_MATCH = YES;
				COPY_PHASE_STRIP = NO;
				DEBUG_INFORMATION_FORMAT = dwarf;
				ENABLE_STRICT_OBJC_MSGSEND = YES;
				ENABLE_TESTABILITY = YES;
				GCC_C_LANGUAGE_STANDARD = gnu11;
				GCC_DYNAMIC_NO_PIC = NO;
				GCC_NO_COMMON_BLOCKS = YES;
				GCC_OPTIMIZATION_LEVEL = 0;
				GCC_PREPROCESSOR_DEFINITIONS = (
					"DEBUG=1",
					"$(inherited)",
				);
				GCC_WARN_64_TO_32_BIT_CONVERSION = YES;
				GCC_WARN_ABOUT_RETURN_TYPE = YES_ERROR;
				GCC_WARN_UNDECLARED_SELECTOR = YES;
				GCC_WARN_UNINITIALIZED_AUTOS = YES_AGGRESSIVE;
				GCC_WARN_UNUSED_FUNCTION = YES;
				GCC_WARN_UNUSED_VARIABLE = YES;
				IPHONEOS_DEPLOYMENT_TARGET = 16.4;
				MTL_ENABLE_DEBUG_INFO = INCLUDE_SOURCE;
				MTL_FAST_MATH = YES;
				ONLY_ACTIVE_ARCH = YES;
				SDKROOT = iphoneos;
				SWIFT_ACTIVE_COMPILATION_CONDITIONS = DEBUG;
				SWIFT_OPTIMIZATION_LEVEL = "-Onone";
			};
			name = Debug;
		};
		5A79106D29F9267B008AFBA4 /* Release */ = {
			isa = XCBuildConfiguration;
			buildSettings = {
				ALWAYS_SEARCH_USER_PATHS = NO;
				CLANG_ANALYZER_NONNULL = YES;
				CLANG_ANALYZER_NUMBER_OBJECT_CONVERSION = YES_AGGRESSIVE;
				CLANG_CXX_LANGUAGE_STANDARD = "gnu++20";
				CLANG_ENABLE_MODULES = YES;
				CLANG_ENABLE_OBJC_ARC = YES;
				CLANG_ENABLE_OBJC_WEAK = YES;
				CLANG_WARN_BLOCK_CAPTURE_AUTORELEASING = YES;
				CLANG_WARN_BOOL_CONVERSION = YES;
				CLANG_WARN_COMMA = YES;
				CLANG_WARN_CONSTANT_CONVERSION = YES;
				CLANG_WARN_DEPRECATED_OBJC_IMPLEMENTATIONS = YES;
				CLANG_WARN_DIRECT_OBJC_ISA_USAGE = YES_ERROR;
				CLANG_WARN_DOCUMENTATION_COMMENTS = YES;
				CLANG_WARN_EMPTY_BODY = YES;
				CLANG_WARN_ENUM_CONVERSION = YES;
				CLANG_WARN_INFINITE_RECURSION = YES;
				CLANG_WARN_INT_CONVERSION = YES;
				CLANG_WARN_NON_LITERAL_NULL_CONVERSION = YES;
				CLANG_WARN_OBJC_IMPLICIT_RETAIN_SELF = YES;
				CLANG_WARN_OBJC_LITERAL_CONVERSION = YES;
				CLANG_WARN_OBJC_ROOT_CLASS = YES_ERROR;
				CLANG_WARN_QUOTED_INCLUDE_IN_FRAMEWORK_HEADER = YES;
				CLANG_WARN_RANGE_LOOP_ANALYSIS = YES;
				CLANG_WARN_STRICT_PROTOTYPES = YES;
				CLANG_WARN_SUSPICIOUS_MOVE = YES;
				CLANG_WARN_UNGUARDED_AVAILABILITY = YES_AGGRESSIVE;
				CLANG_WARN_UNREACHABLE_CODE = YES;
				CLANG_WARN__DUPLICATE_METHOD_MATCH = YES;
				COPY_PHASE_STRIP = NO;
				DEBUG_INFORMATION_FORMAT = "dwarf-with-dsym";
				ENABLE_NS_ASSERTIONS = NO;
				ENABLE_STRICT_OBJC_MSGSEND = YES;
				GCC_C_LANGUAGE_STANDARD = gnu11;
				GCC_NO_COMMON_BLOCKS = YES;
				GCC_WARN_64_TO_32_BIT_CONVERSION = YES;
				GCC_WARN_ABOUT_RETURN_TYPE = YES_ERROR;
				GCC_WARN_UNDECLARED_SELECTOR = YES;
				GCC_WARN_UNINITIALIZED_AUTOS = YES_AGGRESSIVE;
				GCC_WARN_UNUSED_FUNCTION = YES;
				GCC_WARN_UNUSED_VARIABLE = YES;
				IPHONEOS_DEPLOYMENT_TARGET = 16.4;
				MTL_ENABLE_DEBUG_INFO = NO;
				MTL_FAST_MATH = YES;
				SDKROOT = iphoneos;
				SWIFT_COMPILATION_MODE = wholemodule;
				SWIFT_OPTIMIZATION_LEVEL = "-O";
				VALIDATE_PRODUCT = YES;
			};
			name = Release;
		};
		5A79106F29F9267B008AFBA4 /* Debug */ = {
			isa = XCBuildConfiguration;
			buildSettings = {
				ASSETCATALOG_COMPILER_APPICON_NAME = AppIcon;
				ASSETCATALOG_COMPILER_GLOBAL_ACCENT_COLOR_NAME = AccentColor;
				CODE_SIGN_STYLE = Automatic;
				CURRENT_PROJECT_VERSION = 1;
				GENERATE_INFOPLIST_FILE = YES;
				INFOPLIST_FILE = "Notification Service/Info.plist";
				INFOPLIST_KEY_UIApplicationSupportsIndirectInputEvents = YES;
				INFOPLIST_KEY_UILaunchStoryboardName = LaunchScreen;
				INFOPLIST_KEY_UIMainStoryboardFile = Main;
				INFOPLIST_KEY_UISupportedInterfaceOrientations_iPad = "UIInterfaceOrientationPortrait UIInterfaceOrientationPortraitUpsideDown UIInterfaceOrientationLandscapeLeft UIInterfaceOrientationLandscapeRight";
				INFOPLIST_KEY_UISupportedInterfaceOrientations_iPhone = "UIInterfaceOrientationPortrait UIInterfaceOrientationLandscapeLeft UIInterfaceOrientationLandscapeRight";
				IPHONEOS_DEPLOYMENT_TARGET = 13.1;
				LD_RUNPATH_SEARCH_PATHS = (
					"$(inherited)",
					"@executable_path/Frameworks",
				);
				MARKETING_VERSION = 1.0;
				PRODUCT_BUNDLE_IDENTIFIER = "com.yasertebat.notificationservice.Notification-Service";
				PRODUCT_NAME = "$(TARGET_NAME)";
				SWIFT_EMIT_LOC_STRINGS = YES;
				SWIFT_VERSION = 5.0;
				TARGETED_DEVICE_FAMILY = "1,2";
			};
			name = Debug;
		};
		5A79107029F9267B008AFBA4 /* Release */ = {
			isa = XCBuildConfiguration;
			buildSettings = {
				ASSETCATALOG_COMPILER_APPICON_NAME = AppIcon;
				ASSETCATALOG_COMPILER_GLOBAL_ACCENT_COLOR_NAME = AccentColor;
				CODE_SIGN_STYLE = Automatic;
				CURRENT_PROJECT_VERSION = 1;
				GENERATE_INFOPLIST_FILE = YES;
				INFOPLIST_FILE = "Notification Service/Info.plist";
				INFOPLIST_KEY_UIApplicationSupportsIndirectInputEvents = YES;
				INFOPLIST_KEY_UILaunchStoryboardName = LaunchScreen;
				INFOPLIST_KEY_UIMainStoryboardFile = Main;
				INFOPLIST_KEY_UISupportedInterfaceOrientations_iPad = "UIInterfaceOrientationPortrait UIInterfaceOrientationPortraitUpsideDown UIInterfaceOrientationLandscapeLeft UIInterfaceOrientationLandscapeRight";
				INFOPLIST_KEY_UISupportedInterfaceOrientations_iPhone = "UIInterfaceOrientationPortrait UIInterfaceOrientationLandscapeLeft UIInterfaceOrientationLandscapeRight";
				IPHONEOS_DEPLOYMENT_TARGET = 13.1;
				LD_RUNPATH_SEARCH_PATHS = (
					"$(inherited)",
					"@executable_path/Frameworks",
				);
				MARKETING_VERSION = 1.0;
				PRODUCT_BUNDLE_IDENTIFIER = "com.yasertebat.notificationservice.Notification-Service";
				PRODUCT_NAME = "$(TARGET_NAME)";
				SWIFT_EMIT_LOC_STRINGS = YES;
				SWIFT_VERSION = 5.0;
				TARGETED_DEVICE_FAMILY = "1,2";
			};
			name = Release;
		};
		5A79107229F9267B008AFBA4 /* Debug */ = {
			isa = XCBuildConfiguration;
			buildSettings = {
				ALWAYS_EMBED_SWIFT_STANDARD_LIBRARIES = YES;
				BUNDLE_LOADER = "$(TEST_HOST)";
				CODE_SIGN_STYLE = Automatic;
				CURRENT_PROJECT_VERSION = 1;
				GENERATE_INFOPLIST_FILE = YES;
				IPHONEOS_DEPLOYMENT_TARGET = 16.4;
				MARKETING_VERSION = 1.0;
				PRODUCT_BUNDLE_IDENTIFIER = "com.yasertebat.notificationservice.Notification-ServiceTests";
				PRODUCT_NAME = "$(TARGET_NAME)";
				SWIFT_EMIT_LOC_STRINGS = NO;
				SWIFT_VERSION = 5.0;
				TARGETED_DEVICE_FAMILY = "1,2";
				TEST_HOST = "$(BUILT_PRODUCTS_DIR)/Notification Service.app/$(BUNDLE_EXECUTABLE_FOLDER_PATH)/Notification Service";
			};
			name = Debug;
		};
		5A79107329F9267B008AFBA4 /* Release */ = {
			isa = XCBuildConfiguration;
			buildSettings = {
				ALWAYS_EMBED_SWIFT_STANDARD_LIBRARIES = YES;
				BUNDLE_LOADER = "$(TEST_HOST)";
				CODE_SIGN_STYLE = Automatic;
				CURRENT_PROJECT_VERSION = 1;
				GENERATE_INFOPLIST_FILE = YES;
				IPHONEOS_DEPLOYMENT_TARGET = 16.4;
				MARKETING_VERSION = 1.0;
				PRODUCT_BUNDLE_IDENTIFIER = "com.yasertebat.notificationservice.Notification-ServiceTests";
				PRODUCT_NAME = "$(TARGET_NAME)";
				SWIFT_EMIT_LOC_STRINGS = NO;
				SWIFT_VERSION = 5.0;
				TARGETED_DEVICE_FAMILY = "1,2";
				TEST_HOST = "$(BUILT_PRODUCTS_DIR)/Notification Service.app/$(BUNDLE_EXECUTABLE_FOLDER_PATH)/Notification Service";
			};
			name = Release;
		};
		5A79107529F9267B008AFBA4 /* Debug */ = {
			isa = XCBuildConfiguration;
			buildSettings = {
				ALWAYS_EMBED_SWIFT_STANDARD_LIBRARIES = YES;
				CODE_SIGN_STYLE = Automatic;
				CURRENT_PROJECT_VERSION = 1;
				GENERATE_INFOPLIST_FILE = YES;
				MARKETING_VERSION = 1.0;
				PRODUCT_BUNDLE_IDENTIFIER = "com.yasertebat.notificationservice.Notification-ServiceUITests";
				PRODUCT_NAME = "$(TARGET_NAME)";
				SWIFT_EMIT_LOC_STRINGS = NO;
				SWIFT_VERSION = 5.0;
				TARGETED_DEVICE_FAMILY = "1,2";
				TEST_TARGET_NAME = "Notification Service";
			};
			name = Debug;
		};
		5A79107629F9267B008AFBA4 /* Release */ = {
			isa = XCBuildConfiguration;
			buildSettings = {
				ALWAYS_EMBED_SWIFT_STANDARD_LIBRARIES = YES;
				CODE_SIGN_STYLE = Automatic;
				CURRENT_PROJECT_VERSION = 1;
				GENERATE_INFOPLIST_FILE = YES;
				MARKETING_VERSION = 1.0;
				PRODUCT_BUNDLE_IDENTIFIER = "com.yasertebat.notificationservice.Notification-ServiceUITests";
				PRODUCT_NAME = "$(TARGET_NAME)";
				SWIFT_EMIT_LOC_STRINGS = NO;
				SWIFT_VERSION = 5.0;
				TARGETED_DEVICE_FAMILY = "1,2";
				TEST_TARGET_NAME = "Notification Service";
			};
			name = Release;
		};
/* End XCBuildConfiguration section */

/* Begin XCConfigurationList section */
		5A79103F29F92679008AFBA4 /* Build configuration list for PBXProject "Notification Service" */ = {
			isa = XCConfigurationList;
			buildConfigurations = (
				5A79106C29F9267B008AFBA4 /* Debug */,
				5A79106D29F9267B008AFBA4 /* Release */,
			);
			defaultConfigurationIsVisible = 0;
			defaultConfigurationName = Release;
		};
		5A79106E29F9267B008AFBA4 /* Build configuration list for PBXNativeTarget "Notification Service" */ = {
			isa = XCConfigurationList;
			buildConfigurations = (
				5A79106F29F9267B008AFBA4 /* Debug */,
				5A79107029F9267B008AFBA4 /* Release */,
			);
			defaultConfigurationIsVisible = 0;
			defaultConfigurationName = Release;
		};
		5A79107129F9267B008AFBA4 /* Build configuration list for PBXNativeTarget "Notification ServiceTests" */ = {
			isa = XCConfigurationList;
			buildConfigurations = (
				5A79107229F9267B008AFBA4 /* Debug */,
				5A79107329F9267B008AFBA4 /* Release */,
			);
			defaultConfigurationIsVisible = 0;
			defaultConfigurationName = Release;
		};
		5A79107429F9267B008AFBA4 /* Build configuration list for PBXNativeTarget "Notification ServiceUITests" */ = {
			isa = XCConfigurationList;
			buildConfigurations = (
				5A79107529F9267B008AFBA4 /* Debug */,
				5A79107629F9267B008AFBA4 /* Release */,
			);
			defaultConfigurationIsVisible = 0;
			defaultConfigurationName = Release;
		};
/* End XCConfigurationList section */
	};
	rootObject = 5A79103C29F92679008AFBA4 /* Project object */;
}
